{
  "nodes": {
    "bundix": {
      "inputs": {
        "nixpkgs": [
          "nixpkgs"
        ]
      },
      "locked": {
        "lastModified": 1721093334,
        "narHash": "sha256-5FghZ0HIETbc0TGcBV8uyixq5z4w/9PF5Puhujz3D1o=",
        "owner": "inscapist",
        "repo": "bundix",
        "rev": "42c08846f7e5d91ef121239fd364feaeb22c0bbc",
        "type": "github"
      },
      "original": {
        "owner": "inscapist",
        "ref": "main",
        "repo": "bundix",
        "type": "github"
      }
    },
    "fu": {
      "inputs": {
        "systems": "systems"
      },
      "locked": {
        "lastModified": 1731533236,
        "narHash": "sha256-l0KFg5HjrsfsO/JpG+r7fRrqm12kzFHyUHqHCVpMMbI=",
        "owner": "numtide",
        "repo": "flake-utils",
        "rev": "11707dc2f618dd54ca8739b309ec4fc024de578b",
        "type": "github"
      },
      "original": {
        "owner": "numtide",
        "repo": "flake-utils",
        "type": "github"
      }
    },
    "nixpkgs": {
      "locked": {
        "lastModified": 1743501102,
        "narHash": "sha256-7PCBQ4aGVF8OrzMkzqtYSKyoQuU2jtpPi4lmABpe5X4=",
        "owner": "nixos",
        "repo": "nixpkgs",
        "rev": "02f2af8c8a8c3b2c05028936a1e84daefa1171d4",
        "type": "github"
      },
      "original": {
        "owner": "nixos",
        "ref": "nixos-24.11",
        "repo": "nixpkgs",
        "type": "github"
      }
    },
    "nixpkgs_2": {
      "locked": {
        "lastModified": 1678875422,
        "narHash": "sha256-T3o6NcQPwXjxJMn2shz86Chch4ljXgZn746c2caGxd8=",
        "owner": "NixOS",
        "repo": "nixpkgs",
        "rev": "126f49a01de5b7e35a43fd43f891ecf6d3a51459",
        "type": "github"
      },
      "original": {
        "id": "nixpkgs",
        "type": "indirect"
      }
    },
    "root": {
      "inputs": {
        "bundix": "bundix",
        "fu": "fu",
        "nixpkgs": "nixpkgs",
        "ruby-nix": "ruby-nix"
      }
    },
    "ruby-nix": {
      "inputs": {
        "nixpkgs": "nixpkgs_2"
      },
      "locked": {
        "lastModified": 1725677741,
        "narHash": "sha256-CySXGzqycagfrWdcTwzM3Zo1MMm9uUtePYER9BvrW8s=",
        "owner": "inscapist",
        "repo": "ruby-nix",
        "rev": "1f3756f8a713171bf891b39c0d3b1fe6d83a4a63",
        "type": "github"
      },
      "original": {
        "owner": "inscapist",
        "repo": "ruby-nix",
        "type": "github"
      }
    },
    "systems": {
      "locked": {
        "lastModified": 1681028828,
        "narHash": "sha256-Vy1rq5AaRuLzOxct8nz4T6wlgyUR7zLU309k9mBC768=",
        "owner": "nix-systems",
        "repo": "default",
        "rev": "da67096a3b9bf56a91d16901293e51ba5b49a27e",
        "type": "github"
      },
      "original": {
        "owner": "nix-systems",
        "repo": "default",
        "type": "github"
      }
    }
  },
  "root": "root",
  "version": 7
}
